
Microsoft Visual Studio Solution File, Format Version 12.00
# Visual Studio Version 17
VisualStudioVersion = 17.13.35919.96 d17.13
MinimumVisualStudioVersion = 10.0.40219.1
Project("{FAE04EC0-301F-11D3-BF4B-00C04F79EFBC}") = "SalesWebMVC", "SalesWebMVC.csproj", "{B28B5CE2-A205-4164-BE1C-C87815083854}"
EndProject
Global
	GlobalSection(SolutionConfigurationPlatforms) = preSolution
		Debug|Any CPU = Debug|Any CPU
		Release|Any CPU = Release|Any CPU
	EndGlobalSection
	GlobalSection(ProjectConfigurationPlatforms) = postSolution
		{B28B5CE2-A205-4164-BE1C-C87815083854}.Debug|Any CPU.ActiveCfg = Debug|Any CPU
		{B28B5CE2-A205-4164-BE1C-C87815083854}.Debug|Any CPU.Build.0 = Debug|Any CPU
		{B28B5CE2-A205-4164-BE1C-C87815083854}.Release|Any CPU.ActiveCfg = Release|Any CPU
		{B28B5CE2-A205-4164-BE1C-C87815083854}.Release|Any CPU.Build.0 = Release|Any CPU
	EndGlobalSection
	GlobalSection(SolutionProperties) = preSolution
		HideSolutionNode = FALSE
	EndGlobalSection
	GlobalSection(ExtensibilityGlobals) = postSolution
		SolutionGuid = {8B598CD2-9AC4-4214-B7D5-A0C54AF6B7C7}
	EndGlobalSection
EndGlobal
